// !$*UTF8*$!
{
	archiveVersion = 1;
	classes = {
	};
	objectVersion = 56;
	objects = {

/* Begin PBXBuildFile section */
		D09D51B22A68640300A31031 /* HundredDaysSwiftUIApp.swift in Sources */ = {isa = PBXBuildFile; fileRef = D09D51B12A68640300A31031 /* HundredDaysSwiftUIApp.swift */; };
		D09D51B42A68640300A31031 /* ContentView.swift in Sources */ = {isa = PBXBuildFile; fileRef = D09D51B32A68640300A31031 /* ContentView.swift */; };
		D09D51B62A68640500A31031 /* Assets.xcassets in Resources */ = {isa = PBXBuildFile; fileRef = D09D51B52A68640500A31031 /* Assets.xcassets */; };
		D09D51B92A68640500A31031 /* Preview Assets.xcassets in Resources */ = {isa = PBXBuildFile; fileRef = D09D51B82A68640500A31031 /* Preview Assets.xcassets */; };
		D09D51C12A68648C00A31031 /* WeSplitView.swift in Sources */ = {isa = PBXBuildFile; fileRef = D09D51C02A68648C00A31031 /* WeSplitView.swift */; };
		D09D51C42A68664F00A31031 /* UnitConversionView.swift in Sources */ = {isa = PBXBuildFile; fileRef = D09D51C32A68664F00A31031 /* UnitConversionView.swift */; };
		D09D51C92A6869EA00A31031 /* GuessFlagView.swift in Sources */ = {isa = PBXBuildFile; fileRef = D09D51C82A6869EA00A31031 /* GuessFlagView.swift */; };
		D09D51CC2A6CF79D00A31031 /* RockPaperScissorsView.swift in Sources */ = {isa = PBXBuildFile; fileRef = D09D51CB2A6CF79D00A31031 /* RockPaperScissorsView.swift */; };
		D0DA145E2A6DBC05004AC3BF /* BetterRestView.swift in Sources */ = {isa = PBXBuildFile; fileRef = D0DA145D2A6DBC05004AC3BF /* BetterRestView.swift */; };
		D0DA14602A6DBE90004AC3BF /* SleepCalculator.mlmodel in Sources */ = {isa = PBXBuildFile; fileRef = D0DA145F2A6DBE8F004AC3BF /* SleepCalculator.mlmodel */; };
/* End PBXBuildFile section */

/* Begin PBXFileReference section */
		D09D51AE2A68640300A31031 /* HundredDaysSwiftUI.app */ = {isa = PBXFileReference; explicitFileType = wrapper.application; includeInIndex = 0; path = HundredDaysSwiftUI.app; sourceTree = BUILT_PRODUCTS_DIR; };
		D09D51B12A68640300A31031 /* HundredDaysSwiftUIApp.swift */ = {isa = PBXFileReference; lastKnownFileType = sourcecode.swift; path = HundredDaysSwiftUIApp.swift; sourceTree = "<group>"; };
		D09D51B32A68640300A31031 /* ContentView.swift */ = {isa = PBXFileReference; lastKnownFileType = sourcecode.swift; path = ContentView.swift; sourceTree = "<group>"; };
		D09D51B52A68640500A31031 /* Assets.xcassets */ = {isa = PBXFileReference; lastKnownFileType = folder.assetcatalog; path = Assets.xcassets; sourceTree = "<group>"; };
		D09D51B82A68640500A31031 /* Preview Assets.xcassets */ = {isa = PBXFileReference; lastKnownFileType = folder.assetcatalog; path = "Preview Assets.xcassets"; sourceTree = "<group>"; };
		D09D51C02A68648C00A31031 /* WeSplitView.swift */ = {isa = PBXFileReference; lastKnownFileType = sourcecode.swift; path = WeSplitView.swift; sourceTree = "<group>"; };
		D09D51C32A68664F00A31031 /* UnitConversionView.swift */ = {isa = PBXFileReference; lastKnownFileType = sourcecode.swift; path = UnitConversionView.swift; sourceTree = "<group>"; };
		D09D51C82A6869EA00A31031 /* GuessFlagView.swift */ = {isa = PBXFileReference; lastKnownFileType = sourcecode.swift; path = GuessFlagView.swift; sourceTree = "<group>"; };
		D09D51CB2A6CF79D00A31031 /* RockPaperScissorsView.swift */ = {isa = PBXFileReference; lastKnownFileType = sourcecode.swift; path = RockPaperScissorsView.swift; sourceTree = "<group>"; };
		D0DA145D2A6DBC05004AC3BF /* BetterRestView.swift */ = {isa = PBXFileReference; lastKnownFileType = sourcecode.swift; path = BetterRestView.swift; sourceTree = "<group>"; };
		D0DA145F2A6DBE8F004AC3BF /* SleepCalculator.mlmodel */ = {isa = PBXFileReference; lastKnownFileType = file.mlmodel; path = SleepCalculator.mlmodel; sourceTree = "<group>"; };
/* End PBXFileReference section */

/* Begin PBXFrameworksBuildPhase section */
		D09D51AB2A68640300A31031 /* Frameworks */ = {
			isa = PBXFrameworksBuildPhase;
			buildActionMask = 2147483647;
			files = (
			);
			runOnlyForDeploymentPostprocessing = 0;
		};
/* End PBXFrameworksBuildPhase section */

/* Begin PBXGroup section */
		D09D51A52A68640300A31031 = {
			isa = PBXGroup;
			children = (
				D09D51B02A68640300A31031 /* HundredDaysSwiftUI */,
				D09D51AF2A68640300A31031 /* Products */,
			);
			sourceTree = "<group>";
		};
		D09D51AF2A68640300A31031 /* Products */ = {
			isa = PBXGroup;
			children = (
				D09D51AE2A68640300A31031 /* HundredDaysSwiftUI.app */,
			);
			name = Products;
			sourceTree = "<group>";
		};
		D09D51B02A68640300A31031 /* HundredDaysSwiftUI */ = {
			isa = PBXGroup;
			children = (
				D0DA145C2A6DBBEF004AC3BF /* BetterRest */,
				D09D51CA2A6CF77200A31031 /* RockPaperScissors */,
				D09D51C52A6869B900A31031 /* GuessTheFlag */,
				D09D51C22A68663600A31031 /* UnitConversions */,
				D09D51BF2A68641F00A31031 /* WeSplit */,
				D09D51B12A68640300A31031 /* HundredDaysSwiftUIApp.swift */,
				D09D51B32A68640300A31031 /* ContentView.swift */,
				D09D51B52A68640500A31031 /* Assets.xcassets */,
				D09D51B72A68640500A31031 /* Preview Content */,
			);
			path = HundredDaysSwiftUI;
			sourceTree = "<group>";
		};
		D09D51B72A68640500A31031 /* Preview Content */ = {
			isa = PBXGroup;
			children = (
				D09D51B82A68640500A31031 /* Preview Assets.xcassets */,
			);
			path = "Preview Content";
			sourceTree = "<group>";
		};
		D09D51BF2A68641F00A31031 /* WeSplit */ = {
			isa = PBXGroup;
			children = (
				D09D51C02A68648C00A31031 /* WeSplitView.swift */,
			);
			path = WeSplit;
			sourceTree = "<group>";
		};
		D09D51C22A68663600A31031 /* UnitConversions */ = {
			isa = PBXGroup;
			children = (
				D09D51C32A68664F00A31031 /* UnitConversionView.swift */,
			);
			path = UnitConversions;
			sourceTree = "<group>";
		};
		D09D51C52A6869B900A31031 /* GuessTheFlag */ = {
			isa = PBXGroup;
			children = (
				D09D51C82A6869EA00A31031 /* GuessFlagView.swift */,
			);
			path = GuessTheFlag;
			sourceTree = "<group>";
		};
		D09D51CA2A6CF77200A31031 /* RockPaperScissors */ = {
			isa = PBXGroup;
			children = (
				D09D51CB2A6CF79D00A31031 /* RockPaperScissorsView.swift */,
			);
			path = RockPaperScissors;
			sourceTree = "<group>";
		};
		D0DA145C2A6DBBEF004AC3BF /* BetterRest */ = {
			isa = PBXGroup;
			children = (
				D0DA145D2A6DBC05004AC3BF /* BetterRestView.swift */,
				D0DA145F2A6DBE8F004AC3BF /* SleepCalculator.mlmodel */,
			);
			path = BetterRest;
			sourceTree = "<group>";
		};
/* End PBXGroup section */

/* Begin PBXNativeTarget section */
		D09D51AD2A68640300A31031 /* HundredDaysSwiftUI */ = {
			isa = PBXNativeTarget;
			buildConfigurationList = D09D51BC2A68640500A31031 /* Build configuration list for PBXNativeTarget "HundredDaysSwiftUI" */;
			buildPhases = (
				D09D51AA2A68640300A31031 /* Sources */,
				D09D51AB2A68640300A31031 /* Frameworks */,
				D09D51AC2A68640300A31031 /* Resources */,
			);
			buildRules = (
			);
			dependencies = (
			);
			name = HundredDaysSwiftUI;
			productName = HundredDaysSwiftUI;
			productReference = D09D51AE2A68640300A31031 /* HundredDaysSwiftUI.app */;
			productType = "com.apple.product-type.application";
		};
/* End PBXNativeTarget section */

/* Begin PBXProject section */
		D09D51A62A68640300A31031 /* Project object */ = {
			isa = PBXProject;
			attributes = {
				BuildIndependentTargetsInParallel = 1;
				LastSwiftUpdateCheck = 1430;
				LastUpgradeCheck = 1430;
				TargetAttributes = {
					D09D51AD2A68640300A31031 = {
						CreatedOnToolsVersion = 14.3.1;
					};
				};
			};
			buildConfigurationList = D09D51A92A68640300A31031 /* Build configuration list for PBXProject "HundredDaysSwiftUI" */;
			compatibilityVersion = "Xcode 14.0";
			developmentRegion = en;
			hasScannedForEncodings = 0;
			knownRegions = (
				en,
				Base,
			);
			mainGroup = D09D51A52A68640300A31031;
			productRefGroup = D09D51AF2A68640300A31031 /* Products */;
			projectDirPath = "";
			projectRoot = "";
			targets = (
				D09D51AD2A68640300A31031 /* HundredDaysSwiftUI */,
			);
		};
/* End PBXProject section */

/* Begin PBXResourcesBuildPhase section */
		D09D51AC2A68640300A31031 /* Resources */ = {
			isa = PBXResourcesBuildPhase;
			buildActionMask = 2147483647;
			files = (
				D09D51B92A68640500A31031 /* Preview Assets.xcassets in Resources */,
				D09D51B62A68640500A31031 /* Assets.xcassets in Resources */,
			);
			runOnlyForDeploymentPostprocessing = 0;
		};
/* End PBXResourcesBuildPhase section */

/* Begin PBXSourcesBuildPhase section */
		D09D51AA2A68640300A31031 /* Sources */ = {
			isa = PBXSourcesBuildPhase;
			buildActionMask = 2147483647;
			files = (
				D09D51C42A68664F00A31031 /* UnitConversionView.swift in Sources */,
				D0DA14602A6DBE90004AC3BF /* SleepCalculator.mlmodel in Sources */,
				D09D51CC2A6CF79D00A31031 /* RockPaperScissorsView.swift in Sources */,
				D09D51C12A68648C00A31031 /* WeSplitView.swift in Sources */,
				D09D51B42A68640300A31031 /* ContentView.swift in Sources */,
				D0DA145E2A6DBC05004AC3BF /* BetterRestView.swift in Sources */,
				D09D51C92A6869EA00A31031 /* GuessFlagView.swift in Sources */,
				D09D51B22A68640300A31031 /* HundredDaysSwiftUIApp.swift in Sources */,
			);
			runOnlyForDeploymentPostprocessing = 0;
		};
/* End PBXSourcesBuildPhase section */

/* Begin XCBuildConfiguration section */
		D09D51BA2A68640500A31031 /* Debug */ = {
			isa = XCBuildConfiguration;
			buildSettings = {
				ALWAYS_SEARCH_USER_PATHS = NO;
				CLANG_ANALYZER_NONNULL = YES;
				CLANG_ANALYZER_NUMBER_OBJECT_CONVERSION = YES_AGGRESSIVE;
				CLANG_CXX_LANGUAGE_STANDARD = "gnu++20";
				CLANG_ENABLE_MODULES = YES;
				CLANG_ENABLE_OBJC_ARC = YES;
				CLANG_ENABLE_OBJC_WEAK = YES;
				CLANG_WARN_BLOCK_CAPTURE_AUTORELEASING = YES;
				CLANG_WARN_BOOL_CONVERSION = YES;
				CLANG_WARN_COMMA = YES;
				CLANG_WARN_CONSTANT_CONVERSION = YES;
				CLANG_WARN_DEPRECATED_OBJC_IMPLEMENTATIONS = YES;
				CLANG_WARN_DIRECT_OBJC_ISA_USAGE = YES_ERROR;
				CLANG_WARN_DOCUMENTATION_COMMENTS = YES;
				CLANG_WARN_EMPTY_BODY = YES;
				CLANG_WARN_ENUM_CONVERSION = YES;
				CLANG_WARN_INFINITE_RECURSION = YES;
				CLANG_WARN_INT_CONVERSION = YES;
				CLANG_WARN_NON_LITERAL_NULL_CONVERSION = YES;
				CLANG_WARN_OBJC_IMPLICIT_RETAIN_SELF = YES;
				CLANG_WARN_OBJC_LITERAL_CONVERSION = YES;
				CLANG_WARN_OBJC_ROOT_CLASS = YES_ERROR;
				CLANG_WARN_QUOTED_INCLUDE_IN_FRAMEWORK_HEADER = YES;
				CLANG_WARN_RANGE_LOOP_ANALYSIS = YES;
				CLANG_WARN_STRICT_PROTOTYPES = YES;
				CLANG_WARN_SUSPICIOUS_MOVE = YES;
				CLANG_WARN_UNGUARDED_AVAILABILITY = YES_AGGRESSIVE;
				CLANG_WARN_UNREACHABLE_CODE = YES;
				CLANG_WARN__DUPLICATE_METHOD_MATCH = YES;
				COPY_PHASE_STRIP = NO;
				DEBUG_INFORMATION_FORMAT = dwarf;
				ENABLE_STRICT_OBJC_MSGSEND = YES;
				ENABLE_TESTABILITY = YES;
				GCC_C_LANGUAGE_STANDARD = gnu11;
				GCC_DYNAMIC_NO_PIC = NO;
				GCC_NO_COMMON_BLOCKS = YES;
				GCC_OPTIMIZATION_LEVEL = 0;
				GCC_PREPROCESSOR_DEFINITIONS = (
					"DEBUG=1",
					"$(inherited)",
				);
				GCC_WARN_64_TO_32_BIT_CONVERSION = YES;
				GCC_WARN_ABOUT_RETURN_TYPE = YES_ERROR;
				GCC_WARN_UNDECLARED_SELECTOR = YES;
				GCC_WARN_UNINITIALIZED_AUTOS = YES_AGGRESSIVE;
				GCC_WARN_UNUSED_FUNCTION = YES;
				GCC_WARN_UNUSED_VARIABLE = YES;
				IPHONEOS_DEPLOYMENT_TARGET = 16.4;
				MTL_ENABLE_DEBUG_INFO = INCLUDE_SOURCE;
				MTL_FAST_MATH = YES;
				ONLY_ACTIVE_ARCH = YES;
				SDKROOT = iphoneos;
				SWIFT_ACTIVE_COMPILATION_CONDITIONS = DEBUG;
				SWIFT_OPTIMIZATION_LEVEL = "-Onone";
			};
			name = Debug;
		};
		D09D51BB2A68640500A31031 /* Release */ = {
			isa = XCBuildConfiguration;
			buildSettings = {
				ALWAYS_SEARCH_USER_PATHS = NO;
				CLANG_ANALYZER_NONNULL = YES;
				CLANG_ANALYZER_NUMBER_OBJECT_CONVERSION = YES_AGGRESSIVE;
				CLANG_CXX_LANGUAGE_STANDARD = "gnu++20";
				CLANG_ENABLE_MODULES = YES;
				CLANG_ENABLE_OBJC_ARC = YES;
				CLANG_ENABLE_OBJC_WEAK = YES;
				CLANG_WARN_BLOCK_CAPTURE_AUTORELEASING = YES;
				CLANG_WARN_BOOL_CONVERSION = YES;
				CLANG_WARN_COMMA = YES;
				CLANG_WARN_CONSTANT_CONVERSION = YES;
				CLANG_WARN_DEPRECATED_OBJC_IMPLEMENTATIONS = YES;
				CLANG_WARN_DIRECT_OBJC_ISA_USAGE = YES_ERROR;
				CLANG_WARN_DOCUMENTATION_COMMENTS = YES;
				CLANG_WARN_EMPTY_BODY = YES;
				CLANG_WARN_ENUM_CONVERSION = YES;
				CLANG_WARN_INFINITE_RECURSION = YES;
				CLANG_WARN_INT_CONVERSION = YES;
				CLANG_WARN_NON_LITERAL_NULL_CONVERSION = YES;
				CLANG_WARN_OBJC_IMPLICIT_RETAIN_SELF = YES;
				CLANG_WARN_OBJC_LITERAL_CONVERSION = YES;
				CLANG_WARN_OBJC_ROOT_CLASS = YES_ERROR;
				CLANG_WARN_QUOTED_INCLUDE_IN_FRAMEWORK_HEADER = YES;
				CLANG_WARN_RANGE_LOOP_ANALYSIS = YES;
				CLANG_WARN_STRICT_PROTOTYPES = YES;
				CLANG_WARN_SUSPICIOUS_MOVE = YES;
				CLANG_WARN_UNGUARDED_AVAILABILITY = YES_AGGRESSIVE;
				CLANG_WARN_UNREACHABLE_CODE = YES;
				CLANG_WARN__DUPLICATE_METHOD_MATCH = YES;
				COPY_PHASE_STRIP = NO;
				DEBUG_INFORMATION_FORMAT = "dwarf-with-dsym";
				ENABLE_NS_ASSERTIONS = NO;
				ENABLE_STRICT_OBJC_MSGSEND = YES;
				GCC_C_LANGUAGE_STANDARD = gnu11;
				GCC_NO_COMMON_BLOCKS = YES;
				GCC_WARN_64_TO_32_BIT_CONVERSION = YES;
				GCC_WARN_ABOUT_RETURN_TYPE = YES_ERROR;
				GCC_WARN_UNDECLARED_SELECTOR = YES;
				GCC_WARN_UNINITIALIZED_AUTOS = YES_AGGRESSIVE;
				GCC_WARN_UNUSED_FUNCTION = YES;
				GCC_WARN_UNUSED_VARIABLE = YES;
				IPHONEOS_DEPLOYMENT_TARGET = 16.4;
				MTL_ENABLE_DEBUG_INFO = NO;
				MTL_FAST_MATH = YES;
				SDKROOT = iphoneos;
				SWIFT_COMPILATION_MODE = wholemodule;
				SWIFT_OPTIMIZATION_LEVEL = "-O";
				VALIDATE_PRODUCT = YES;
			};
			name = Release;
		};
		D09D51BD2A68640500A31031 /* Debug */ = {
			isa = XCBuildConfiguration;
			buildSettings = {
				ASSETCATALOG_COMPILER_APPICON_NAME = AppIcon;
				ASSETCATALOG_COMPILER_GLOBAL_ACCENT_COLOR_NAME = AccentColor;
				CODE_SIGN_STYLE = Automatic;
				CURRENT_PROJECT_VERSION = 1;
				DEVELOPMENT_ASSET_PATHS = "\"HundredDaysSwiftUI/Preview Content\"";
				DEVELOPMENT_TEAM = 4NGTP834ZF;
				ENABLE_PREVIEWS = YES;
				GENERATE_INFOPLIST_FILE = YES;
				INFOPLIST_KEY_UIApplicationSceneManifest_Generation = YES;
				INFOPLIST_KEY_UIApplicationSupportsIndirectInputEvents = YES;
				INFOPLIST_KEY_UILaunchScreen_Generation = YES;
				INFOPLIST_KEY_UISupportedInterfaceOrientations_iPad = "UIInterfaceOrientationPortrait UIInterfaceOrientationPortraitUpsideDown UIInterfaceOrientationLandscapeLeft UIInterfaceOrientationLandscapeRight";
				INFOPLIST_KEY_UISupportedInterfaceOrientations_iPhone = "UIInterfaceOrientationPortrait UIInterfaceOrientationLandscapeLeft UIInterfaceOrientationLandscapeRight";
				LD_RUNPATH_SEARCH_PATHS = (
					"$(inherited)",
					"@executable_path/Frameworks",
				);
				MARKETING_VERSION = 1.0;
				PRODUCT_BUNDLE_IDENTIFIER = ru.rubytech.HundredDaysSwiftUI;
				PRODUCT_NAME = "$(TARGET_NAME)";
				SWIFT_EMIT_LOC_STRINGS = YES;
				SWIFT_VERSION = 5.0;
				TARGETED_DEVICE_FAMILY = "1,2";
			};
			name = Debug;
		};
		D09D51BE2A68640500A31031 /* Release */ = {
			isa = XCBuildConfiguration;
			buildSettings = {
				ASSETCATALOG_COMPILER_APPICON_NAME = AppIcon;
				ASSETCATALOG_COMPILER_GLOBAL_ACCENT_COLOR_NAME = AccentColor;
				CODE_SIGN_STYLE = Automatic;
				CURRENT_PROJECT_VERSION = 1;
				DEVELOPMENT_ASSET_PATHS = "\"HundredDaysSwiftUI/Preview Content\"";
				DEVELOPMENT_TEAM = 4NGTP834ZF;
				ENABLE_PREVIEWS = YES;
				GENERATE_INFOPLIST_FILE = YES;
				INFOPLIST_KEY_UIApplicationSceneManifest_Generation = YES;
				INFOPLIST_KEY_UIApplicationSupportsIndirectInputEvents = YES;
				INFOPLIST_KEY_UILaunchScreen_Generation = YES;
				INFOPLIST_KEY_UISupportedInterfaceOrientations_iPad = "UIInterfaceOrientationPortrait UIInterfaceOrientationPortraitUpsideDown UIInterfaceOrientationLandscapeLeft UIInterfaceOrientationLandscapeRight";
				INFOPLIST_KEY_UISupportedInterfaceOrientations_iPhone = "UIInterfaceOrientationPortrait UIInterfaceOrientationLandscapeLeft UIInterfaceOrientationLandscapeRight";
				LD_RUNPATH_SEARCH_PATHS = (
					"$(inherited)",
					"@executable_path/Frameworks",
				);
				MARKETING_VERSION = 1.0;
				PRODUCT_BUNDLE_IDENTIFIER = ru.rubytech.HundredDaysSwiftUI;
				PRODUCT_NAME = "$(TARGET_NAME)";
				SWIFT_EMIT_LOC_STRINGS = YES;
				SWIFT_VERSION = 5.0;
				TARGETED_DEVICE_FAMILY = "1,2";
			};
			name = Release;
		};
/* End XCBuildConfiguration section */

/* Begin XCConfigurationList section */
		D09D51A92A68640300A31031 /* Build configuration list for PBXProject "HundredDaysSwiftUI" */ = {
			isa = XCConfigurationList;
			buildConfigurations = (
				D09D51BA2A68640500A31031 /* Debug */,
				D09D51BB2A68640500A31031 /* Release */,
			);
			defaultConfigurationIsVisible = 0;
			defaultConfigurationName = Release;
		};
		D09D51BC2A68640500A31031 /* Build configuration list for PBXNativeTarget "HundredDaysSwiftUI" */ = {
			isa = XCConfigurationList;
			buildConfigurations = (
				D09D51BD2A68640500A31031 /* Debug */,
				D09D51BE2A68640500A31031 /* Release */,
			);
			defaultConfigurationIsVisible = 0;
			defaultConfigurationName = Release;
		};
/* End XCConfigurationList section */
	};
	rootObject = D09D51A62A68640300A31031 /* Project object */;
}
